
Microsoft Visual Studio Solution File, Format Version 12.00
# Visual Studio Version 17
VisualStudioVersion = 17.6.33815.320
MinimumVisualStudioVersion = 10.0.40219.1
Project("{FAE04EC0-301F-11D3-BF4B-00C04F79EFBC}") = "CE_UAA14WPF_Dec24_LoukaConstant", "CE_UAA14WPF_Dec24_LoukaConstant.csproj", "{9AC8E1B0-6626-4C13-9245-8E476AE099AB}"
EndProject
Global
	GlobalSection(SolutionConfigurationPlatforms) = preSolution
		Debug|Any CPU = Debug|Any CPU
		Release|Any CPU = Release|Any CPU
	EndGlobalSection
	GlobalSection(ProjectConfigurationPlatforms) = postSolution
		{9AC8E1B0-6626-4C13-9245-8E476AE099AB}.Debug|Any CPU.ActiveCfg = Debug|Any CPU
		{9AC8E1B0-6626-4C13-9245-8E476AE099AB}.Debug|Any CPU.Build.0 = Debug|Any CPU
		{9AC8E1B0-6626-4C13-9245-8E476AE099AB}.Release|Any CPU.ActiveCfg = Release|Any CPU
		{9AC8E1B0-6626-4C13-9245-8E476AE099AB}.Release|Any CPU.Build.0 = Release|Any CPU
	EndGlobalSection
	GlobalSection(SolutionProperties) = preSolution
		HideSolutionNode = FALSE
	EndGlobalSection
	GlobalSection(ExtensibilityGlobals) = postSolution
		SolutionGuid = {8E3E23E8-79F6-460C-B2CF-F54B31AB00A0}
	EndGlobalSection
EndGlobal
